
Microsoft Visual Studio Solution File, Format Version 12.00
# Visual Studio 15
VisualStudioVersion = 15.0.26430.14
MinimumVisualStudioVersion = 10.0.40219.1
Project("{FAE04EC0-301F-11D3-BF4B-00C04F79EFBC}") = "Core_MVC", "Core_MVC\Core_MVC.csproj", "{513A9FFE-FBFD-465C-B2DA-6865F70A7C69}"
EndProject
Global
	GlobalSection(SolutionConfigurationPlatforms) = preSolution
		Debug|Any CPU = Debug|Any CPU
		Release|Any CPU = Release|Any CPU
	EndGlobalSection
	GlobalSection(ProjectConfigurationPlatforms) = postSolution
		{513A9FFE-FBFD-465C-B2DA-6865F70A7C69}.Debug|Any CPU.ActiveCfg = Debug|Any CPU
		{513A9FFE-FBFD-465C-B2DA-6865F70A7C69}.Debug|Any CPU.Build.0 = Debug|Any CPU
		{513A9FFE-FBFD-465C-B2DA-6865F70A7C69}.Release|Any CPU.ActiveCfg = Release|Any CPU
		{513A9FFE-FBFD-465C-B2DA-6865F70A7C69}.Release|Any CPU.Build.0 = Release|Any CPU
	EndGlobalSection
	GlobalSection(SolutionProperties) = preSolution
		HideSolutionNode = FALSE
	EndGlobalSection
EndGlobal
